
Microsoft Visual Studio Solution File, Format Version 12.00
# Visual Studio Version 17
VisualStudioVersion = 17.0.31903.59
MinimumVisualStudioVersion = 10.0.40219.1
Project("{FAE04EC0-301F-11D3-BF4B-00C04F79EFBC}") = "ProjectManagement", "src\Web\ProjectManagement.csproj", "{BF3A41FD-3DDC-F741-D4B1-D4A85E73C07C}"
EndProject
Global
	GlobalSection(SolutionConfigurationPlatforms) = preSolution
		Debug|Any CPU = Debug|Any CPU
		Release|Any CPU = Release|Any CPU
	EndGlobalSection
	GlobalSection(ProjectConfigurationPlatforms) = postSolution
		{BF3A41FD-3DDC-F741-D4B1-D4A85E73C07C}.Debug|Any CPU.ActiveCfg = Debug|Any CPU
		{BF3A41FD-3DDC-F741-D4B1-D4A85E73C07C}.Debug|Any CPU.Build.0 = Debug|Any CPU
		{BF3A41FD-3DDC-F741-D4B1-D4A85E73C07C}.Release|Any CPU.ActiveCfg = Release|Any CPU
		{BF3A41FD-3DDC-F741-D4B1-D4A85E73C07C}.Release|Any CPU.Build.0 = Release|Any CPU
	EndGlobalSection
	GlobalSection(SolutionProperties) = preSolution
		HideSolutionNode = FALSE
	EndGlobalSection
	GlobalSection(ExtensibilityGlobals) = postSolution
		SolutionGuid = {D2F1515A-3737-4BD5-BBF4-7DC266D30CA4}
	EndGlobalSection
EndGlobal
